<Solution>
  <Folder Name="/Core/">
    <Project Path="E-Commerce.Domain/E-Commerce.Domain.csproj" />
    <Project Path="E-Commerce.Service.Abstraction/E-Commerce.Service.Abstraction.csproj" Id="1de3e63a-a2c6-4959-b08e-98692c9ad1d7" />
    <Project Path="E-Commerce.Service/E-Commerce.Service.csproj" />
  </Folder>
  <Folder Name="/Infrastructure/">
    <Project Path="E-Commerce.Persistence/E-Commerce.Persistence.csproj" />
    <Project Path="E-Commerce.Presentation.API/E-Commerce.Presentation.API.csproj" Id="e51c9ca3-19ac-4df0-ad31-0c2994dfe32b" />
  </Folder>
  <Project Path="E-Commerce.Shared/E-Commerce.Shared.csproj" Id="2afb31f2-d258-46d9-ba73-9899fd37b6a9" />
  <Project Path="E-Commerce.Web/E-Commerce.Web.csproj" />
</Solution>
